
Microsoft Visual Studio Solution File, Format Version 12.00
# Visual Studio Version 17
VisualStudioVersion = 17.10.35013.160
MinimumVisualStudioVersion = 10.0.40219.1
Project("{FAE04EC0-301F-11D3-BF4B-00C04F79EFBC}") = "Game2048Maui", "Game2048Maui.csproj", "{6B6736D3-DBAA-42DE-9782-E59D7123340E}"
EndProject
Global
	GlobalSection(SolutionConfigurationPlatforms) = preSolution
		Debug|Any CPU = Debug|Any CPU
		Release|Any CPU = Release|Any CPU
	EndGlobalSection
	GlobalSection(ProjectConfigurationPlatforms) = postSolution
		{6B6736D3-DBAA-42DE-9782-E59D7123340E}.Debug|Any CPU.ActiveCfg = Debug|Any CPU
		{6B6736D3-DBAA-42DE-9782-E59D7123340E}.Debug|Any CPU.Build.0 = Debug|Any CPU
		{6B6736D3-DBAA-42DE-9782-E59D7123340E}.Debug|Any CPU.Deploy.0 = Debug|Any CPU
		{6B6736D3-DBAA-42DE-9782-E59D7123340E}.Release|Any CPU.ActiveCfg = Release|Any CPU
		{6B6736D3-DBAA-42DE-9782-E59D7123340E}.Release|Any CPU.Build.0 = Release|Any CPU
		{6B6736D3-DBAA-42DE-9782-E59D7123340E}.Release|Any CPU.Deploy.0 = Release|Any CPU
	EndGlobalSection
	GlobalSection(SolutionProperties) = preSolution
		HideSolutionNode = FALSE
	EndGlobalSection
	GlobalSection(ExtensibilityGlobals) = postSolution
		SolutionGuid = {A9C45ADD-DCE7-4AD6-9879-BF665730BA5D}
	EndGlobalSection
EndGlobal
